{
  "name": "EES-24_Frontend",
  "lockfileVersion": 3,
  "requires": true,
  "packages": {
    "": {
      "dependencies": {
        "@auth0/auth0-react": "^2.2.4",
        "@headlessui/react": "^1.7.18"
      }
    },
    "node_modules/@auth0/auth0-react": {
      "version": "2.2.4",
      "resolved": "https://registry.npmjs.org/@auth0/auth0-react/-/auth0-react-2.2.4.tgz",
      "integrity": "sha512-l29PQC0WdgkCoOc6WeMAY26gsy/yXJICW0jHfj0nz8rZZphYKrLNqTRWFFCMJY+sagza9tSgB1kG/UvQYgGh9A==",
      "dependencies": {
        "@auth0/auth0-spa-js": "^2.1.3"
      },
      "peerDependencies": {
        "react": "^16.11.0 || ^17 || ^18",
        "react-dom": "^16.11.0 || ^17 || ^18"
      }
    },
    "node_modules/@auth0/auth0-spa-js": {
      "version": "2.1.3",
      "resolved": "https://registry.npmjs.org/@auth0/auth0-spa-js/-/auth0-spa-js-2.1.3.tgz",
      "integrity": "sha512-NMTBNuuG4g3rame1aCnNS5qFYIzsTUV5qTFPRfTyYFS1feS6jsCBR+eTq9YkxCp1yuoM2UIcjunPaoPl77U9xQ=="
    },
    "node_modules/@headlessui/react": {
      "version": "1.7.18",
      "resolved": "https://registry.npmjs.org/@headlessui/react/-/react-1.7.18.tgz",
      "integrity": "sha512-4i5DOrzwN4qSgNsL4Si61VMkUcWbcSKueUV7sFhpHzQcSShdlHENE5+QBntMSRvHt8NyoFO2AGG8si9lq+w4zQ==",
      "dependencies": {
        "@tanstack/react-virtual": "^3.0.0-beta.60",
        "client-only": "^0.0.1"
      },
      "engines": {
        "node": ">=10"
      },
      "peerDependencies": {
        "react": "^16 || ^17 || ^18",
        "react-dom": "^16 || ^17 || ^18"
      }
    },
    "node_modules/@tanstack/react-virtual": {
      "version": "3.1.3",
      "resolved": "https://registry.npmjs.org/@tanstack/react-virtual/-/react-virtual-3.1.3.tgz",
      "integrity": "sha512-YCzcbF/Ws/uZ0q3Z6fagH+JVhx4JLvbSflgldMgLsuvB8aXjZLLb3HvrEVxY480F9wFlBiXlvQxOyXb5ENPrNA==",
      "dependencies": {
        "@tanstack/virtual-core": "3.1.3"
      },
      "funding": {
        "type": "github",
        "url": "https://github.com/sponsors/tannerlinsley"
      },
      "peerDependencies": {
        "react": "^16.8.0 || ^17.0.0 || ^18.0.0",
        "react-dom": "^16.8.0 || ^17.0.0 || ^18.0.0"
      }
    },
    "node_modules/@tanstack/virtual-core": {
      "version": "3.1.3",
      "resolved": "https://registry.npmjs.org/@tanstack/virtual-core/-/virtual-core-3.1.3.tgz",
      "integrity": "sha512-Y5B4EYyv1j9V8LzeAoOVeTg0LI7Fo5InYKgAjkY1Pu9GjtUwX/EKxNcU7ng3sKr99WEf+bPTcktAeybyMOYo+g==",
      "funding": {
        "type": "github",
        "url": "https://github.com/sponsors/tannerlinsley"
      }
    },
    "node_modules/client-only": {
      "version": "0.0.1",
      "resolved": "https://registry.npmjs.org/client-only/-/client-only-0.0.1.tgz",
      "integrity": "sha512-IV3Ou0jSMzZrd3pZ48nLkT9DA7Ag1pnPzaiQhpW7c3RbcqqzvzzVu+L8gfqMp/8IM2MQtSiqaCxrrcfu8I8rMA=="
    },
    "node_modules/js-tokens": {
      "version": "4.0.0",
      "resolved": "https://registry.npmjs.org/js-tokens/-/js-tokens-4.0.0.tgz",
      "integrity": "sha512-RdJUflcE3cUzKiMqQgsCu06FPu9UdIJO0beYbPhHN4k6apgJtifcoCtT9bcxOpYBtpD2kCM6Sbzg4CausW/PKQ==",
      "peer": true
    },
    "node_modules/loose-envify": {
      "version": "1.4.0",
      "resolved": "https://registry.npmjs.org/loose-envify/-/loose-envify-1.4.0.tgz",
      "integrity": "sha512-lyuxPGr/Wfhrlem2CL/UcnUc1zcqKAImBDzukY7Y5F/yQiNdko6+fRLevlw1HgMySw7f611UIY408EtxRSoK3Q==",
      "peer": true,
      "dependencies": {
        "js-tokens": "^3.0.0 || ^4.0.0"
      },
      "bin": {
        "loose-envify": "cli.js"
      }
    },
    "node_modules/react": {
      "version": "18.2.0",
      "resolved": "https://registry.npmjs.org/react/-/react-18.2.0.tgz",
      "integrity": "sha512-/3IjMdb2L9QbBdWiW5e3P2/npwMBaU9mHCSCUzNln0ZCYbcfTsGbTJrU/kGemdH2IWmB2ioZ+zkxtmq6g09fGQ==",
      "peer": true,
      "dependencies": {
        "loose-envify": "^1.1.0"
      },
      "engines": {
        "node": ">=0.10.0"
      }
    },
    "node_modules/react-dom": {
      "version": "18.2.0",
      "resolved": "https://registry.npmjs.org/react-dom/-/react-dom-18.2.0.tgz",
      "integrity": "sha512-6IMTriUmvsjHUjNtEDudZfuDQUoWXVxKHhlEGSk81n4YFS+r/Kl99wXiwlVXtPBtJenozv2P+hxDsw9eA7Xo6g==",
      "peer": true,
      "dependencies": {
        "loose-envify": "^1.1.0",
        "scheduler": "^0.23.0"
      },
      "peerDependencies": {
        "react": "^18.2.0"
      }
    },
    "node_modules/scheduler": {
      "version": "0.23.0",
      "resolved": "https://registry.npmjs.org/scheduler/-/scheduler-0.23.0.tgz",
      "integrity": "sha512-CtuThmgHNg7zIZWAXi3AsyIzA3n4xx7aNyjwC2VJldO2LMVDhFK+63xGqq6CsJH4rTAt6/M+N4GhZiDYPx9eUw==",
      "peer": true,
      "dependencies": {
        "loose-envify": "^1.1.0"
      }
    }
  }
}
